
Microsoft Visual Studio Solution File, Format Version 12.00
# Visual Studio Version 17
VisualStudioVersion = 17.9.34622.214
MinimumVisualStudioVersion = 10.0.40219.1
Project("{9A19103F-16F7-4668-BE54-9A1E7A4F7556}") = "SmartDigitalPsico.Domain", "SmartDigitalPsico.Domain\SmartDigitalPsico.Domain.csproj", "{6C5E19D2-6DB5-4D56-9812-1D6A13B8DFBE}"
EndProject
Project("{9A19103F-16F7-4668-BE54-9A1E7A4F7556}") = "SmartDigitalPsico.Data", "SmartDigitalPsico.Data\SmartDigitalPsico.Data.csproj", "{3A303B3D-8F17-4B7C-A0DE-77ED165EF541}"
EndProject
Project("{2150E333-8FDC-42A3-9474-1A3956D46DE8}") = "Solution Items", "Solution Items", "{A08F06B5-C5FF-4B7B-BFB2-2A98146629FB}"
	ProjectSection(SolutionItems) = preProject
		.dockerignore = .dockerignore
		certificate.pfx = certificate.pfx
		SmartDigitalPsico.WebAPI\Dockerfile = SmartDigitalPsico.WebAPI\Dockerfile
		Readme\ETAPAS PARA CRIAR NOVO ENPOINT.txt = Readme\ETAPAS PARA CRIAR NOVO ENPOINT.txt
		Readme\ETAPAS.txt = Readme\ETAPAS.txt
		Readme\MELHORIAS 2025.txt = Readme\MELHORIAS 2025.txt
	EndProjectSection
EndProject
Project("{9A19103F-16F7-4668-BE54-9A1E7A4F7556}") = "SmartDigitalPsico.Service", "SmartDigitalPsico.Service\SmartDigitalPsico.Service.csproj", "{586687A9-BC7E-426E-A68D-106CCCAF5B14}"
EndProject
Project("{9A19103F-16F7-4668-BE54-9A1E7A4F7556}") = "SmartDigitalPsico.WebAPI", "SmartDigitalPsico.WebAPI\SmartDigitalPsico.WebAPI.csproj", "{5F223D7E-BF7F-442A-B0F9-D25C2D66633D}"
EndProject
Project("{9A19103F-16F7-4668-BE54-9A1E7A4F7556}") = "SmartDigitalPsico.Data.Test", "SmartDigitalPsico.Data.Test\SmartDigitalPsico.Data.Test.csproj", "{2045B577-E721-4ED0-91D9-4A3E42FE0F14}"
EndProject
Project("{E53339B2-1760-4266-BCC7-CA923CBCF16C}") = "docker-compose", "docker-compose.dcproj", "{63967574-3E7F-495C-B629-9235A390269A}"
EndProject
Project("{9A19103F-16F7-4668-BE54-9A1E7A4F7556}") = "SmartDigitalPsico.Domain.Test", "SmartDigitalPsico.Domain.Test\SmartDigitalPsico.Domain.Test.csproj", "{C0E953EF-720A-49C4-8C7C-19278F6F16E5}"
EndProject
Project("{FAE04EC0-301F-11D3-BF4B-00C04F79EFBC}") = "SmartDigitalPsico.WindowsService", "SmartDigitalPsico.WindowsService\SmartDigitalPsico.WindowsService.csproj", "{57D59947-BF3D-4023-B644-5AD006A60EAA}"
EndProject
Global
	GlobalSection(SolutionConfigurationPlatforms) = preSolution
		Debug|Any CPU = Debug|Any CPU
		Release|Any CPU = Release|Any CPU
	EndGlobalSection
	GlobalSection(ProjectConfigurationPlatforms) = postSolution
		{6C5E19D2-6DB5-4D56-9812-1D6A13B8DFBE}.Debug|Any CPU.ActiveCfg = Debug|Any CPU
		{6C5E19D2-6DB5-4D56-9812-1D6A13B8DFBE}.Debug|Any CPU.Build.0 = Debug|Any CPU
		{6C5E19D2-6DB5-4D56-9812-1D6A13B8DFBE}.Release|Any CPU.ActiveCfg = Release|Any CPU
		{6C5E19D2-6DB5-4D56-9812-1D6A13B8DFBE}.Release|Any CPU.Build.0 = Release|Any CPU
		{3A303B3D-8F17-4B7C-A0DE-77ED165EF541}.Debug|Any CPU.ActiveCfg = Debug|Any CPU
		{3A303B3D-8F17-4B7C-A0DE-77ED165EF541}.Debug|Any CPU.Build.0 = Debug|Any CPU
		{3A303B3D-8F17-4B7C-A0DE-77ED165EF541}.Release|Any CPU.ActiveCfg = Release|Any CPU
		{3A303B3D-8F17-4B7C-A0DE-77ED165EF541}.Release|Any CPU.Build.0 = Release|Any CPU
		{586687A9-BC7E-426E-A68D-106CCCAF5B14}.Debug|Any CPU.ActiveCfg = Debug|Any CPU
		{586687A9-BC7E-426E-A68D-106CCCAF5B14}.Debug|Any CPU.Build.0 = Debug|Any CPU
		{586687A9-BC7E-426E-A68D-106CCCAF5B14}.Release|Any CPU.ActiveCfg = Release|Any CPU
		{586687A9-BC7E-426E-A68D-106CCCAF5B14}.Release|Any CPU.Build.0 = Release|Any CPU
		{5F223D7E-BF7F-442A-B0F9-D25C2D66633D}.Debug|Any CPU.ActiveCfg = Debug|Any CPU
		{5F223D7E-BF7F-442A-B0F9-D25C2D66633D}.Debug|Any CPU.Build.0 = Debug|Any CPU
		{5F223D7E-BF7F-442A-B0F9-D25C2D66633D}.Release|Any CPU.ActiveCfg = Release|Any CPU
		{5F223D7E-BF7F-442A-B0F9-D25C2D66633D}.Release|Any CPU.Build.0 = Release|Any CPU
		{2045B577-E721-4ED0-91D9-4A3E42FE0F14}.Debug|Any CPU.ActiveCfg = Debug|Any CPU
		{2045B577-E721-4ED0-91D9-4A3E42FE0F14}.Debug|Any CPU.Build.0 = Debug|Any CPU
		{2045B577-E721-4ED0-91D9-4A3E42FE0F14}.Release|Any CPU.ActiveCfg = Release|Any CPU
		{2045B577-E721-4ED0-91D9-4A3E42FE0F14}.Release|Any CPU.Build.0 = Release|Any CPU
		{63967574-3E7F-495C-B629-9235A390269A}.Debug|Any CPU.ActiveCfg = Debug|Any CPU
		{63967574-3E7F-495C-B629-9235A390269A}.Debug|Any CPU.Build.0 = Debug|Any CPU
		{63967574-3E7F-495C-B629-9235A390269A}.Release|Any CPU.ActiveCfg = Release|Any CPU
		{63967574-3E7F-495C-B629-9235A390269A}.Release|Any CPU.Build.0 = Release|Any CPU
		{C0E953EF-720A-49C4-8C7C-19278F6F16E5}.Debug|Any CPU.ActiveCfg = Debug|Any CPU
		{C0E953EF-720A-49C4-8C7C-19278F6F16E5}.Debug|Any CPU.Build.0 = Debug|Any CPU
		{C0E953EF-720A-49C4-8C7C-19278F6F16E5}.Release|Any CPU.ActiveCfg = Release|Any CPU
		{C0E953EF-720A-49C4-8C7C-19278F6F16E5}.Release|Any CPU.Build.0 = Release|Any CPU
		{57D59947-BF3D-4023-B644-5AD006A60EAA}.Debug|Any CPU.ActiveCfg = Debug|Any CPU
		{57D59947-BF3D-4023-B644-5AD006A60EAA}.Debug|Any CPU.Build.0 = Debug|Any CPU
		{57D59947-BF3D-4023-B644-5AD006A60EAA}.Release|Any CPU.ActiveCfg = Release|Any CPU
		{57D59947-BF3D-4023-B644-5AD006A60EAA}.Release|Any CPU.Build.0 = Release|Any CPU
	EndGlobalSection
	GlobalSection(SolutionProperties) = preSolution
		HideSolutionNode = FALSE
	EndGlobalSection
	GlobalSection(ExtensibilityGlobals) = postSolution
		SolutionGuid = {C75AC464-0BBB-4F04-BBD0-65D84E74DF54}
	EndGlobalSection
EndGlobal
