
Microsoft Visual Studio Solution File, Format Version 12.00
# Visual Studio Version 17
VisualStudioVersion = 17.9.34622.214
MinimumVisualStudioVersion = 10.0.40219.1
Project("{9A19103F-16F7-4668-BE54-9A1E7A4F7556}") = "SmartDigitalPsicoAPI", "SmartDigitalPsicoAPI\SmartDigitalPsicoAPI.csproj", "{9FEF6982-450C-4418-9690-DA34AF1A7A41}"
EndProject
Project("{9A19103F-16F7-4668-BE54-9A1E7A4F7556}") = "SmartDigitalPsico.Domain", "SmartDigitalPsico.Domain\SmartDigitalPsico.Domain.csproj", "{6C5E19D2-6DB5-4D56-9812-1D6A13B8DFBE}"
EndProject
Project("{9A19103F-16F7-4668-BE54-9A1E7A4F7556}") = "SmartDigitalPsico.Data", "SmartDigitalPsico.Data\SmartDigitalPsico.Data.csproj", "{3A303B3D-8F17-4B7C-A0DE-77ED165EF541}"
EndProject
Project("{FAE04EC0-301F-11D3-BF4B-00C04F79EFBC}") = "SmartDigitalPsico.Repository", "SmartDigitalPsico.Repository\SmartDigitalPsico.Repository.csproj", "{6A1992AE-1A81-4048-A967-E1FAD21FECC7}"
EndProject
Global
	GlobalSection(SolutionConfigurationPlatforms) = preSolution
		Debug|Any CPU = Debug|Any CPU
		Release|Any CPU = Release|Any CPU
	EndGlobalSection
	GlobalSection(ProjectConfigurationPlatforms) = postSolution
		{9FEF6982-450C-4418-9690-DA34AF1A7A41}.Debug|Any CPU.ActiveCfg = Debug|Any CPU
		{9FEF6982-450C-4418-9690-DA34AF1A7A41}.Debug|Any CPU.Build.0 = Debug|Any CPU
		{9FEF6982-450C-4418-9690-DA34AF1A7A41}.Release|Any CPU.ActiveCfg = Release|Any CPU
		{9FEF6982-450C-4418-9690-DA34AF1A7A41}.Release|Any CPU.Build.0 = Release|Any CPU
		{6C5E19D2-6DB5-4D56-9812-1D6A13B8DFBE}.Debug|Any CPU.ActiveCfg = Debug|Any CPU
		{6C5E19D2-6DB5-4D56-9812-1D6A13B8DFBE}.Debug|Any CPU.Build.0 = Debug|Any CPU
		{6C5E19D2-6DB5-4D56-9812-1D6A13B8DFBE}.Release|Any CPU.ActiveCfg = Release|Any CPU
		{6C5E19D2-6DB5-4D56-9812-1D6A13B8DFBE}.Release|Any CPU.Build.0 = Release|Any CPU
		{3A303B3D-8F17-4B7C-A0DE-77ED165EF541}.Debug|Any CPU.ActiveCfg = Debug|Any CPU
		{3A303B3D-8F17-4B7C-A0DE-77ED165EF541}.Debug|Any CPU.Build.0 = Debug|Any CPU
		{3A303B3D-8F17-4B7C-A0DE-77ED165EF541}.Release|Any CPU.ActiveCfg = Release|Any CPU
		{3A303B3D-8F17-4B7C-A0DE-77ED165EF541}.Release|Any CPU.Build.0 = Release|Any CPU
		{6A1992AE-1A81-4048-A967-E1FAD21FECC7}.Debug|Any CPU.ActiveCfg = Debug|Any CPU
		{6A1992AE-1A81-4048-A967-E1FAD21FECC7}.Debug|Any CPU.Build.0 = Debug|Any CPU
		{6A1992AE-1A81-4048-A967-E1FAD21FECC7}.Release|Any CPU.ActiveCfg = Release|Any CPU
		{6A1992AE-1A81-4048-A967-E1FAD21FECC7}.Release|Any CPU.Build.0 = Release|Any CPU
	EndGlobalSection
	GlobalSection(SolutionProperties) = preSolution
		HideSolutionNode = FALSE
	EndGlobalSection
	GlobalSection(ExtensibilityGlobals) = postSolution
		SolutionGuid = {C75AC464-0BBB-4F04-BBD0-65D84E74DF54}
	EndGlobalSection
EndGlobal
